
Microsoft Visual Studio Solution File, Format Version 12.00
# Visual Studio 14
VisualStudioVersion = 14.0.25420.1
MinimumVisualStudioVersion = 10.0.40219.1
Project("{FAE04EC0-301F-11D3-BF4B-00C04F79EFBC}") = "Tolkesentralen-v3", "Tolkesentralen-v3\Tolkesentralen-v3.csproj", "{6F12349E-23C3-43D6-81FF-3B8AEE8DD07A}"
EndProject
Global
	GlobalSection(SolutionConfigurationPlatforms) = preSolution
		Debug|Any CPU = Debug|Any CPU
		Release|Any CPU = Release|Any CPU
	EndGlobalSection
	GlobalSection(ProjectConfigurationPlatforms) = postSolution
		{6F12349E-23C3-43D6-81FF-3B8AEE8DD07A}.Debug|Any CPU.ActiveCfg = Debug|Any CPU
		{6F12349E-23C3-43D6-81FF-3B8AEE8DD07A}.Debug|Any CPU.Build.0 = Debug|Any CPU
		{6F12349E-23C3-43D6-81FF-3B8AEE8DD07A}.Release|Any CPU.ActiveCfg = Release|Any CPU
		{6F12349E-23C3-43D6-81FF-3B8AEE8DD07A}.Release|Any CPU.Build.0 = Release|Any CPU
	EndGlobalSection
	GlobalSection(SolutionProperties) = preSolution
		HideSolutionNode = FALSE
	EndGlobalSection
EndGlobal
